# This file is generated by running "yarn install" inside your project.
# Manual changes might be lost - proceed with caution!

__metadata:
  version: 4
  cacheKey: 8

"ansi-styles@npm:^3.2.1":
  version: 3.2.1
  resolution: "ansi-styles@npm:3.2.1"
  dependencies:
    color-convert: ^1.9.0
  checksum: 7/456e1c23d9277512a47718da75e7fbb0a5ee215ef893c2f76d6b3efe8fceabc861121b80b0362146f5f995d21a1633f05a19bbf6283ae66ac11dc3b9c0bed779
  languageName: node
  linkType: hard

"chalk@npm:^2.4.2":
  version: 2.4.2
  resolution: "chalk@npm:2.4.2"
  dependencies:
    ansi-styles: ^3.2.1
    escape-string-regexp: ^1.0.5
    supports-color: ^5.3.0
  checksum: 7/22c7b7b5bc761c882bb6516454a1a671923f1c53ff972860065aa0b28a195f230163c1d46ee88bcc7a03e5539177d896457d8bc727de7f244c6e87032743038e
  languageName: node
  linkType: hard

"color-convert@npm:^1.9.0":
  version: 1.9.3
  resolution: "color-convert@npm:1.9.3"
  dependencies:
    color-name: 1.1.3
  checksum: 7/5f244daa3d1fe1f216d48878c550465067d15268688308554e613b7640a068f96588096d51f0b98b68f15d6ff6bb8ad24e172582ac8c0ad43fa4d3da60fd1b79
  languageName: node
  linkType: hard

"color-name@npm:1.1.3":
  version: 1.1.3
  resolution: "color-name@npm:1.1.3"
  checksum: 7/d8b91bb90aefc05b6ff568cf8889566dcc6269824df6f3c9b8ca842b18d7f4d089c07dc166808d33f22092d4a79167aa56a96a5ff0d21efab548bf44614db43b
  languageName: node
  linkType: hard

"cross-env@npm:5.0.5":
  version: 5.0.5
  resolution: "cross-env@npm:5.0.5"
  dependencies:
    cross-spawn: ^5.1.0
    is-windows: ^1.0.0
  bin:
    cross-env: dist/bin/cross-env.js
    cross-env-shell: dist/bin/cross-env-shell.js
  checksum: 7/908c1aa12424bc08a2041a880c2751d47c3cccc077117133b937770dcaff7f99930c2c130dec0af85ec4bb33f9b1c500941d5e8ab9d8ce7e428a85fc870ba7c9
  languageName: node
  linkType: hard

"cross-spawn@npm:^5.1.0":
  version: 5.1.0
  resolution: "cross-spawn@npm:5.1.0"
  dependencies:
    lru-cache: ^4.0.1
    shebang-command: ^1.2.0
    which: ^1.2.9
  checksum: 7/96018c42a94a2f69e27c11688db638c343109e4eda5cc6586a83a1d2f102ef2ef4d184919593036748d386ddb67cc3e66658fefec85a4659958cde792f1a9ddc
  languageName: node
  linkType: hard

"escape-string-regexp@npm:^1.0.5":
  version: 1.0.5
  resolution: "escape-string-regexp@npm:1.0.5"
  checksum: 7/f9484b8b4c8827d816e0fd905c25ed4b561376a9c220e1430403ea84619bf680c76a883a48cff8b8e091daf55d6a497e37479f9787b9f15f3c421b6054289744
  languageName: node
  linkType: hard

"has-flag@npm:^3.0.0":
  version: 3.0.0
  resolution: "has-flag@npm:3.0.0"
  checksum: 7/63aade480d27aeedb3b5b63a2e069d47d0006bf182338d662e7941cdc024e68a28418e0efa8dc5df30db9c4ee2407f39e6ea3f16cfbc6b83848b450826a28aa0
  languageName: node
  linkType: hard

"is-windows@npm:^1.0.0":
  version: 1.0.2
  resolution: "is-windows@npm:1.0.2"
  checksum: 7/dd1ed8339a28c68fb52f05931c832488dafc90063e53b97a69ead219a5584d7f3e6e564731c2f983962ff5403afeb05365d88ce9af34c8dae76a14911020d73a
  languageName: node
  linkType: hard

"isexe@npm:^2.0.0":
  version: 2.0.0
  resolution: "isexe@npm:2.0.0"
  checksum: 7/7b437980bb77881a146fba85cfbdf01edc2b148673e9c2722a1e49661fea73adf524430a80fdbfb8ce9f60d43224e682c657c45030482bd39e0c488fc29b4afe
  languageName: node
  linkType: hard

"lru-cache@npm:^4.0.1":
  version: 4.1.5
  resolution: "lru-cache@npm:4.1.5"
  dependencies:
    pseudomap: ^1.0.2
    yallist: ^2.1.2
  checksum: 7/6a098d23629357451d4324e1e4fefccdd6df316df29e25571c6148220ced923258381ebeafdf919f90e28c780b650427390582618c1d5fe097873e656d062511
  languageName: node
  linkType: hard

"lru-cache@npm:^6.0.0":
  version: 6.0.0
  resolution: "lru-cache@npm:6.0.0"
  dependencies:
    yallist: ^4.0.0
  checksum: 7/b8b78353d2391c0f135cdc245c4744ad41c2efb1a6d98f31bc57a2cf48ebf02de96e4876657c3026673576bf1f1f61fc3fdd77ab00ad1ead737537bf17d8019d
  languageName: node
  linkType: hard

"pseudomap@npm:^1.0.2":
  version: 1.0.2
  resolution: "pseudomap@npm:1.0.2"
  checksum: 7/1ad1802645e830d99f9c1db97efc6902d2316b660454633229f636dd59e751d00498dd325d3b18d49f2be990a2c9d28f8bfe6f9b544a8220a5faa2bfb4694bb7
  languageName: node
  linkType: hard

"semver@npm:^7.5.0":
  version: 7.5.1
  resolution: "semver@npm:7.5.1"
  dependencies:
    lru-cache: ^6.0.0
  bin:
    semver: bin/semver.js
  checksum: d16dbedad53c65b086f79524b9ef766bf38670b2395bdad5c957f824dcc566b624988013564f4812bcace3f9d405355c3635e2007396a39d1bffc71cfec4a2fc
  languageName: node
  linkType: hard

"shebang-command@npm:^1.2.0":
  version: 1.2.0
  resolution: "shebang-command@npm:1.2.0"
  dependencies:
    shebang-regex: ^1.0.0
  checksum: 7/2a1e0092a6b80b14ec742ef4e982be8aa670edc7de3e8c68b26744fb535051f7d92518106387b52e9aabe0c1ceae33d23a7dfdb94c3d7f5035c3868b723a2854
  languageName: node
  linkType: hard

"shebang-regex@npm:^1.0.0":
  version: 1.0.0
  resolution: "shebang-regex@npm:1.0.0"
  checksum: 7/cf1a41cb09023e7d39739d7145fcba57c3fabc6728b78ce706f7315cf52dfadf30f7eea664e069224fbcbbfb6ab853bc55ac45f494b47ee73fc209c98487fae5
  languageName: node
  linkType: hard

"simple@workspace:.":
  version: 0.0.0-use.local
  resolution: "simple@workspace:."
  dependencies:
    semver: ^7.5.0
    workspace-b: 1.0.0
  languageName: unknown
  linkType: soft

"supports-color@npm:^5.3.0":
  version: 5.5.0
  resolution: "supports-color@npm:5.5.0"
  dependencies:
    has-flag: ^3.0.0
  checksum: 7/edacee6425498440744c418be94b0660181aad2a1828bcf2be85c42bd385da2fd8b2b358d9b62b0c5b03ff5cd3e992458d7b8f879d9fb42f2201fe05a4848a29
  languageName: node
  linkType: hard

"which@npm:^1.2.9":
  version: 1.3.1
  resolution: "which@npm:1.3.1"
  dependencies:
    isexe: ^2.0.0
  bin:
    which: ./bin/which
  checksum: 7/298d95f9c185c4da22c1bfb1fdfa37c2ba56df8a6b98706ab361bf31a7d3a4845afaecfc48d4de7a259048842b5f2977f51b56f5c06c1f6a83dcf5a9e3de634a
  languageName: node
  linkType: hard

"workspace-a@npm:1.0.0":
  version: 1.0.0
  resolution: "workspace-a@npm:1.0.0"
  checksum: c0b38bc75df332f908d45c42f70cae3453b8fc42e64bb7bdb5c64eb28c3e652f66d81c4bb2da642a008a2ae0f9ea7a833e607b9c54f617ee432244a0df489065
  languageName: node
  linkType: hard

"workspace-b@npm:1.0.0":
  version: 1.0.0
  resolution: "workspace-b@npm:1.0.0"
  dependencies:
    chalk: ^2.4.2
    cross-env: 5.0.5
    workspace-a: 1.0.0
  checksum: 30816efc797a20c4af4b14fa8232891df8c233ec7c40849cf3f72a16b36a5231e3d9e097486632424f97b911d7d36f750b9caa0cbe84f46d914b6d9469761603
  languageName: node
  linkType: hard

"yallist@npm:^2.1.2":
  version: 2.1.2
  resolution: "yallist@npm:2.1.2"
  checksum: 7/f83e3d18eeba68a0276be2ab09260be3f2a300307e84b1565c620ef71f03f106c3df9bec4c3a91e5fa621a038f8826c19b3786804d3795dd4f999e5b6be66ea3
  languageName: node
  linkType: hard

"yallist@npm:^4.0.0":
  version: 4.0.0
  resolution: "yallist@npm:4.0.0"
  checksum: 7/a2960ef879af6ee67a76cae29bac9d8bffeb6e9e366c217dbd21464e7fce071933705544724f47e90ba5209cf9c83c17d5582dd04415d86747a826b2a231efb8
  languageName: node
  linkType: hard
