{
  "name": "npm-dev",
  "version": "1.0.0",
  "lockfileVersion": 3,
  "requires": true,
  "packages": {
    "node_modules/child-peer": {
      "version": "3.0.0",
      "peer": true
    },
    "node_modules/parent-peer": {
      "version": "2.0.0",
      "peer": true,
      "dependencies": {
        "child-peer": "3.0.0"
      }
    }
  }
}
