{
  "name": "npm-dev",
  "version": "1.0.0",
  "lockfileVersion": 1,
  "requires": true,
  "dependencies": {
    "child-peer": {
      "version": "3.0.0",
      "peer": true
    },
    "parent-peer": {
      "version": "2.0.0",
      "peer": true,
      "requires": {
        "child-peer": "3.0.0"
      }
    }
  }
}
