{ 
    "version": "0.5",
    "requires": [
        "zlib/1.2.13#97d5730b529b4224045fe7090592d4c1%1692672717.049",
        "sqlite3/3.40.1#42e44d48d880b6520ae0fea7dc51b3da%1676251411.718",
        "poco/1.9.4#f7cfa1f609e6ddef0166efae9d7a479f%1676682456.73",
        "pcre/8.45#64cdfd792761c32817cd31d7967c3709%1694472876.189",
        "openssl/1.1.1t#55e398751ff5310a8525645c99c81495%1695655501.907",
        "expat/2.5.0#91e43e4544923e4c934bfad1fa4306f9%1684595996.015",
        "bzip2/1.0.8#411fc05e80d47a89045edc1ee6f23c1d%1678293522.814"
    ],
    "build_requires": [
        "gtest/1.14.0#4372c5aed2b4018ed9f9da3e218d18b3%1691143988.385"
    ],
    "python_requires": []
}