# This file is generated by running "yarn install" inside your project.
# Manual changes might be lost - proceed with caution!

__metadata:
  version: 4
  cacheKey: 7

"@jest/types@npm:^24.9.0":
  version: 24.9.0
  resolution: "@jest/types@npm:24.9.0"
  dependencies:
    "@types/istanbul-lib-coverage": ^2.0.0
    "@types/istanbul-reports": ^1.1.1
    "@types/yargs": ^13.0.0
  checksum: 7cd388ad9d3a6de7e0ca29cbaf34dd9da9f6485d26747fc2ef6732bf06dc98d79519b7f3684b7287bd6d5168c394d8f806dc1343bd3c1b3cdc3e85486a518c63
  languageName: node
  linkType: hard

"@types/emscripten@npm:*":
  version: 1.39.4
  resolution: "@types/emscripten@npm:1.39.4"
  checksum: b848421e2597a0ce56b74c6427f843cfd8f26dec8eaaa1929317e9417bc06eaa934057c317cbb561ade2f5462b6906e37868608211e09f9f507dca62066795a8
  languageName: node
  linkType: hard

"@types/istanbul-lib-coverage@npm:*, @types/istanbul-lib-coverage@npm:^2.0.0":
  version: 2.0.3
  resolution: "@types/istanbul-lib-coverage@npm:2.0.3"
  checksum: d6f6dbf66d2d2d7d80d093329f0428ac279440510030bfd0080545bba6882433444430905e6e31eba299b890e50ccf2b6a7de9345d7d0ed52ff174f8ead48855
  languageName: node
  linkType: hard

"@types/istanbul-lib-report@npm:*":
  version: 3.0.0
  resolution: "@types/istanbul-lib-report@npm:3.0.0"
  dependencies:
    "@types/istanbul-lib-coverage": "*"
  checksum: 78aa9f859b6d1b2c02387b401e4e42fdec2e26ffede392e544da108abc6aff35c95b40821116ca46006d94c8b405ffd64465c32514549e997b04f8363de1af5e
  languageName: node
  linkType: hard

"@types/istanbul-reports@npm:^1.1.1":
  version: 1.1.2
  resolution: "@types/istanbul-reports@npm:1.1.2"
  dependencies:
    "@types/istanbul-lib-coverage": "*"
    "@types/istanbul-lib-report": "*"
  checksum: 92bd1f76a4ce16f5390c80b6b0e657171faf0003b0ff370b3c37739087c825d664493c9debf442c0871d864f1be15c88460f2399ae748186d1a944f16958aea4
  languageName: node
  linkType: hard

"@types/jest@npm:^24.0.25":
  version: 24.9.1
  resolution: "@types/jest@npm:24.9.1"
  dependencies:
    jest-diff: ^24.3.0
  checksum: 2a950309a2d848c292b0c324aa124e4833f6446ddfcdb1f854c454000738ab918ac45f57ddbd667491381ad55b138a21d7aa049d7fe642b6ea87095990aa054b
  languageName: node
  linkType: hard

"@types/node@npm:*":
  version: 14.14.37
  resolution: "@types/node@npm:14.14.37"
  checksum: 5e2d9baf7594ebacaf016716515f30de0765169412787f981481c2fb8b468923149bb9e2e3219ee672399811672ceddc339a7372a61cf15bc656836a5494d991
  languageName: node
  linkType: hard

"@types/sql.js@npm:^1":
  version: 1.4.2
  resolution: "@types/sql.js@npm:1.4.2"
  dependencies:
    "@types/emscripten": "*"
    "@types/node": "*"
  checksum: 204ebc1af3250553d838786473b7966f7a40f1829ba236be5bfe2142ee8fca3f8966060a902356af4ba390929197888232901552d123e4da8d8749075a09b2c8
  languageName: node
  linkType: hard

"@types/yargs-parser@npm:*":
  version: 20.2.0
  resolution: "@types/yargs-parser@npm:20.2.0"
  checksum: 202b8ca16a1589514f6b3155194c6fde9b5e5b2ffc1025849f93483f70ca9318f4d0423f209efc180beecbc447dcf14cf18e6177db296036e7927e302329dc94
  languageName: node
  linkType: hard

"@types/yargs@npm:^13.0.0":
  version: 13.0.11
  resolution: "@types/yargs@npm:13.0.11"
  dependencies:
    "@types/yargs-parser": "*"
  checksum: 8592d76c18ae57c25e9eeff29a63c2e0885527014ebd6d76244440d5dc1c6e0cf70753d256d77c09f516b082241e6124c1a83a72c061ee83cf5722d5d52f452f
  languageName: node
  linkType: hard

"ansi-regex@npm:^4.0.0":
  version: 4.1.0
  resolution: "ansi-regex@npm:4.1.0"
  checksum: 53b6fe447cf92ee59739379de637af6f86b3b8a9537fbfe36a66f946f1d9d34afc3efe664ac31bcc7c3af042d43eabcfcfd3f790316d474bbc7b19a4b1d132dd
  languageName: node
  linkType: hard

"ansi-styles@npm:^3.2.0, ansi-styles@npm:^3.2.1":
  version: 3.2.1
  resolution: "ansi-styles@npm:3.2.1"
  dependencies:
    color-convert: ^1.9.0
  checksum: 456e1c23d9277512a47718da75e7fbb0a5ee215ef893c2f76d6b3efe8fceabc861121b80b0362146f5f995d21a1633f05a19bbf6283ae66ac11dc3b9c0bed779
  languageName: node
  linkType: hard

"chalk@npm:^2.0.1":
  version: 2.4.2
  resolution: "chalk@npm:2.4.2"
  dependencies:
    ansi-styles: ^3.2.1
    escape-string-regexp: ^1.0.5
    supports-color: ^5.3.0
  checksum: 22c7b7b5bc761c882bb6516454a1a671923f1c53ff972860065aa0b28a195f230163c1d46ee88bcc7a03e5539177d896457d8bc727de7f244c6e87032743038e
  languageName: node
  linkType: hard

"color-convert@npm:^1.9.0":
  version: 1.9.3
  resolution: "color-convert@npm:1.9.3"
  dependencies:
    color-name: 1.1.3
  checksum: 5f244daa3d1fe1f216d48878c550465067d15268688308554e613b7640a068f96588096d51f0b98b68f15d6ff6bb8ad24e172582ac8c0ad43fa4d3da60fd1b79
  languageName: node
  linkType: hard

"color-name@npm:1.1.3":
  version: 1.1.3
  resolution: "color-name@npm:1.1.3"
  checksum: d8b91bb90aefc05b6ff568cf8889566dcc6269824df6f3c9b8ca842b18d7f4d089c07dc166808d33f22092d4a79167aa56a96a5ff0d21efab548bf44614db43b
  languageName: node
  linkType: hard

"cross-env@npm:5.0.5":
  version: 5.0.5
  resolution: "cross-env@npm:5.0.5"
  dependencies:
    cross-spawn: ^5.1.0
    is-windows: ^1.0.0
  bin:
    cross-env: dist/bin/cross-env.js
    cross-env-shell: dist/bin/cross-env-shell.js
  checksum: 908c1aa12424bc08a2041a880c2751d47c3cccc077117133b937770dcaff7f99930c2c130dec0af85ec4bb33f9b1c500941d5e8ab9d8ce7e428a85fc870ba7c9
  languageName: node
  linkType: hard

"cross-spawn@npm:^5.1.0":
  version: 5.1.0
  resolution: "cross-spawn@npm:5.1.0"
  dependencies:
    lru-cache: ^4.0.1
    shebang-command: ^1.2.0
    which: ^1.2.9
  checksum: 96018c42a94a2f69e27c11688db638c343109e4eda5cc6586a83a1d2f102ef2ef4d184919593036748d386ddb67cc3e66658fefec85a4659958cde792f1a9ddc
  languageName: node
  linkType: hard

"diff-sequences@npm:^24.9.0":
  version: 24.9.0
  resolution: "diff-sequences@npm:24.9.0"
  checksum: 049107ba804c3a332fe7edefd1cec8df33a18a99c6af77f88b3b9d22b5ee2e1940dbde23b97f97b0d7250a98f8c488c3ba552ebab54dc75c9542c1e90232d009
  languageName: node
  linkType: hard

"escape-string-regexp@npm:^1.0.5":
  version: 1.0.5
  resolution: "escape-string-regexp@npm:1.0.5"
  checksum: f9484b8b4c8827d816e0fd905c25ed4b561376a9c220e1430403ea84619bf680c76a883a48cff8b8e091daf55d6a497e37479f9787b9f15f3c421b6054289744
  languageName: node
  linkType: hard

"has-flag@npm:^3.0.0":
  version: 3.0.0
  resolution: "has-flag@npm:3.0.0"
  checksum: 63aade480d27aeedb3b5b63a2e069d47d0006bf182338d662e7941cdc024e68a28418e0efa8dc5df30db9c4ee2407f39e6ea3f16cfbc6b83848b450826a28aa0
  languageName: node
  linkType: hard

"is-windows@npm:^1.0.0":
  version: 1.0.2
  resolution: "is-windows@npm:1.0.2"
  checksum: dd1ed8339a28c68fb52f05931c832488dafc90063e53b97a69ead219a5584d7f3e6e564731c2f983962ff5403afeb05365d88ce9af34c8dae76a14911020d73a
  languageName: node
  linkType: hard

"isexe@npm:^2.0.0":
  version: 2.0.0
  resolution: "isexe@npm:2.0.0"
  checksum: 7b437980bb77881a146fba85cfbdf01edc2b148673e9c2722a1e49661fea73adf524430a80fdbfb8ce9f60d43224e682c657c45030482bd39e0c488fc29b4afe
  languageName: node
  linkType: hard

"jest-diff@npm:^24.3.0":
  version: 24.9.0
  resolution: "jest-diff@npm:24.9.0"
  dependencies:
    chalk: ^2.0.1
    diff-sequences: ^24.9.0
    jest-get-type: ^24.9.0
    pretty-format: ^24.9.0
  checksum: ba4aa10e5712ad365700921c90362dae8c2ab5b2c599b6f64fc4f3013f6208d760cb2980d491010e602e4a36b28a5c18fceba251f7602929d93300ae03ae931c
  languageName: node
  linkType: hard

"jest-get-type@npm:^24.9.0":
  version: 24.9.0
  resolution: "jest-get-type@npm:24.9.0"
  checksum: 0e6164dff23f8cd664a46642d2167b743e67349c57ff908259b56e3f5c81f8d2a13de2dd473a1a3d7682adcfe85888d14b0496ba51c5c8095eb52bf7526c3918
  languageName: node
  linkType: hard

"lru-cache@npm:^4.0.1":
  version: 4.1.5
  resolution: "lru-cache@npm:4.1.5"
  dependencies:
    pseudomap: ^1.0.2
    yallist: ^2.1.2
  checksum: 6a098d23629357451d4324e1e4fefccdd6df316df29e25571c6148220ced923258381ebeafdf919f90e28c780b650427390582618c1d5fe097873e656d062511
  languageName: node
  linkType: hard

"pretty-format@npm:^24.9.0":
  version: 24.9.0
  resolution: "pretty-format@npm:24.9.0"
  dependencies:
    "@jest/types": ^24.9.0
    ansi-regex: ^4.0.0
    ansi-styles: ^3.2.0
    react-is: ^16.8.4
  checksum: a61c5c21a638239ebdc9bfe259746dc1aca29555f8da997318031ebee3ea36662f60f329132365c0cace2a0d122a1f7f9550261b3f04aaa18029d16efc5b45fe
  languageName: node
  linkType: hard

"pseudomap@npm:^1.0.2":
  version: 1.0.2
  resolution: "pseudomap@npm:1.0.2"
  checksum: 1ad1802645e830d99f9c1db97efc6902d2316b660454633229f636dd59e751d00498dd325d3b18d49f2be990a2c9d28f8bfe6f9b544a8220a5faa2bfb4694bb7
  languageName: node
  linkType: hard

"react-is@npm:^16.8.4":
  version: 16.13.1
  resolution: "react-is@npm:16.13.1"
  checksum: 11bcf1267a314a522615f626f3ce3727a3a24cdbf61c4d452add3550a7875326669631326cfb1ba3e92b6f72244c32ffecf93ad21c0cad8455d3e169d0e3f060
  languageName: node
  linkType: hard

"shebang-command@npm:^1.2.0":
  version: 1.2.0
  resolution: "shebang-command@npm:1.2.0"
  dependencies:
    shebang-regex: ^1.0.0
  checksum: 2a1e0092a6b80b14ec742ef4e982be8aa670edc7de3e8c68b26744fb535051f7d92518106387b52e9aabe0c1ceae33d23a7dfdb94c3d7f5035c3868b723a2854
  languageName: node
  linkType: hard

"shebang-regex@npm:^1.0.0":
  version: 1.0.0
  resolution: "shebang-regex@npm:1.0.0"
  checksum: cf1a41cb09023e7d39739d7145fcba57c3fabc6728b78ce706f7315cf52dfadf30f7eea664e069224fbcbbfb6ab853bc55ac45f494b47ee73fc209c98487fae5
  languageName: node
  linkType: hard

"simple@workspace:.":
  version: 0.0.0-use.local
  resolution: "simple@workspace:."
  dependencies:
    workspace-b: 1.0.0
  languageName: unknown
  linkType: soft

"sql.js@npm:1.4.0":
  version: 1.4.0
  resolution: "sql.js@npm:1.4.0"
  checksum: 8d2973b80cef2c5eab219927b3a4ebd2a3e1edb1f3ca5ead6cf2c0fba68dcd271c6a34894460c90455430075009ad1036330d9c95ab261c7b8d9039f8b80168a
  languageName: node
  linkType: hard

"supports-color@npm:^5.3.0":
  version: 5.5.0
  resolution: "supports-color@npm:5.5.0"
  dependencies:
    has-flag: ^3.0.0
  checksum: edacee6425498440744c418be94b0660181aad2a1828bcf2be85c42bd385da2fd8b2b358d9b62b0c5b03ff5cd3e992458d7b8f879d9fb42f2201fe05a4848a29
  languageName: node
  linkType: hard

"which@npm:^1.2.9":
  version: 1.3.1
  resolution: "which@npm:1.3.1"
  dependencies:
    isexe: ^2.0.0
  bin:
    which: ./bin/which
  checksum: 298d95f9c185c4da22c1bfb1fdfa37c2ba56df8a6b98706ab361bf31a7d3a4845afaecfc48d4de7a259048842b5f2977f51b56f5c06c1f6a83dcf5a9e3de634a
  languageName: node
  linkType: hard

"workspace-a@1.0.0, workspace-a@workspace:workspace-a":
  version: 0.0.0-use.local
  resolution: "workspace-a@workspace:workspace-a"
  dependencies:
    cross-env: 5.0.5
  languageName: unknown
  linkType: soft

"workspace-b@1.0.0, workspace-b@workspace:workspace-b":
  version: 0.0.0-use.local
  resolution: "workspace-b@workspace:workspace-b"
  dependencies:
    "@types/jest": ^24.0.25
    cross-env: 5.0.5
    workspace-a: 1.0.0
    workspace-c: 1.0.0
  languageName: unknown
  linkType: soft

"workspace-c@1.0.0, workspace-c@workspace:workspace-c":
  version: 0.0.0-use.local
  resolution: "workspace-c@workspace:workspace-c"
  dependencies:
    "@types/sql.js": ^1
    sql.js: 1.4.0
  languageName: unknown
  linkType: soft

"yallist@npm:^2.1.2":
  version: 2.1.2
  resolution: "yallist@npm:2.1.2"
  checksum: f83e3d18eeba68a0276be2ab09260be3f2a300307e84b1565c620ef71f03f106c3df9bec4c3a91e5fa621a038f8826c19b3786804d3795dd4f999e5b6be66ea3
  languageName: node
  linkType: hard
