# This file is generated by running "yarn install" inside your project.
# Manual changes might be lost - proceed with caution!

__metadata:
  version: 4
  cacheKey: 7

"async@npm:^2.0.0":
  version: 2.6.3
  resolution: "async@npm:2.6.3"
  dependencies:
    lodash: ^4.17.14
  checksum: 5c30ec6f3d64308dd96d56dae16a00a23b9e6278fe8f66492837896d958508698648c59c53457d3fdf05fd04484e16538efeca2be38337cd78df0284e764ab34
  languageName: node
  linkType: hard

"child-workspace@^1.0.0, child-workspace@workspace:workspace-a/child-workspace":
  version: 0.0.0-use.local
  resolution: "child-workspace@workspace:workspace-a/child-workspace"
  dependencies:
    openssl: ^1.1.0
  languageName: unknown
  linkType: soft

"hier@workspace:.":
  version: 0.0.0-use.local
  resolution: "hier@workspace:."
  dependencies:
    workspace-a: ^1.0.0
  languageName: unknown
  linkType: soft

"lodash@npm:^4.17.14":
  version: 4.17.21
  resolution: "lodash@npm:4.17.21"
  checksum: 4983720b9abca930a4a46f18db163d7dad8dd00dbed6db0cc7b499b33b717cce69f80928b27bbb1ff2cbd3b19d251ee90669a8b5ea466072ca81c2ebe91e7468
  languageName: node
  linkType: hard

"mout@npm:^0.11.1":
  version: 0.11.1
  resolution: "mout@npm:0.11.1"
  checksum: 355d31054eb0089bfaa3e9f4195ba329a43e7d5b2ba0b240fa0e8f222a6c0996e148cd4b40865230c46759ba96142e06ade6cacef79b71782e8bdbd7fd983e5f
  languageName: node
  linkType: hard

"mout@npm:^1.0.0":
  version: 1.2.2
  resolution: "mout@npm:1.2.2"
  checksum: 7f5f944184bb030f51f265492416da7d15f8ab7c57941fe6d6f46f2f09cd65479be11241b467fa23e840b47cd8d151d05a58001784c6290f6adb990db8708d4f
  languageName: node
  linkType: hard

"nyks@npm:^2.9.0":
  version: 2.31.3
  resolution: "nyks@npm:2.31.3"
  dependencies:
    async: ^2.0.0
    mout: ^1.0.0
  checksum: 12c8934a224080e69417cd7815a19540e71067e05961dcd64a2cde613b9e29beb4285fb0ff6bc3ef51e1a6e1a7f541d9b9b3a7a932c8ff745711d3b25295f3c0
  languageName: node
  linkType: hard

"openssl@npm:^1.1.0":
  version: 1.1.0
  resolution: "openssl@npm:1.1.0"
  dependencies:
    mout: ^0.11.1
    nyks: ^2.9.0
  checksum: 83db7c7aa0e37ef73e6279fc5e70975b958753abf7c82b2dc23a2c253ae4e4300f5a75fc04ef0137a6e96620bfc5be72532888cb21dfae5e459ef416f4232597
  languageName: node
  linkType: hard

"workspace-a@^1.0.0, workspace-a@workspace:workspace-a":
  version: 0.0.0-use.local
  resolution: "workspace-a@workspace:workspace-a"
  dependencies:
    child-workspace: ^1.0.0
  languageName: unknown
  linkType: soft
