{
 "graph_lock": {
  "nodes": {
   "0": {
    "ref": "chat/0.1@user/testing#99b66169d7fb6882f4318586bb7d1c7a",
    "options": "shared=False\nhello:shared=False",
    "package_id": "15d6993d80e554f85403e27bda0206a33fdd5076",
    "prev": "676c5609d5d5d35ed66b8e440d18b69a",
    "modified": true,
    "requires": [
     "1"
    ],
    "context": "host"
   },
   "1": {
    "ref": "hello/0.1@user/testing#ef9a20bb5f8df93b05f548bdb9e2c87b",
    "options": "shared=False",
    "package_id": "9bfdcfa2bb925892ecf42e2a018a3f3529826676",
    "prev": "4d13c4f27c0c211a4a89f29f787db3d8",
    "context": "host"
   }
  },
  "revisions_enabled": true
 },
 "version": "0.4",
 "profile_host": "[settings]\narch=x86_64\narch_build=x86_64\nbuild_type=Release\ncompiler=gcc\ncompiler.libcxx=libstdc++11\ncompiler.version=7\nos=Linux\nos_build=Linux\n[options]\n[build_requires]\n[env]\n"
}