{
  "name": "npm-dev",
  "version": "1.0.0",
  "lockfileVersion": 3,
  "requires": true,
  "packages": {
    "node_modules/child-dev": {
      "version": "3.0.0",
      "dev": true
    },
    "node_modules/parent-dev": {
      "version": "2.0.0",
      "dev": true,
      "dependencies": {
        "child-dev": "3.0.0"
      }
    }
  }
}
