# This file is generated by running "yarn install" inside your project.
# Manual changes might be lost - proceed with caution!

__metadata:
  version: 4
  cacheKey: 7

"@babel/code-frame@npm:^7.0.0":
  version: 7.12.13
  resolution: "@babel/code-frame@npm:7.12.13"
  dependencies:
    "@babel/highlight": ^7.12.13
  checksum: 471532bb7cb4a300bd1a3201e75e7c0c83ebfb4e0e6610fdb53270521505d7efe0961258de61e7b1970ef3092a97ed675248ee1a44597912a1f61f903d85ef41
  languageName: node
  linkType: hard

"@babel/helper-validator-identifier@npm:^7.12.11":
  version: 7.12.11
  resolution: "@babel/helper-validator-identifier@npm:7.12.11"
  checksum: 18de432203264b501db2690b53370a4289dc56084f5a2c66de624b159ee28b8abaeb402b2b7584296d9261645d91ddb6bfd21125d3ffd9bf02e9262e77baf3d2
  languageName: node
  linkType: hard

"@babel/highlight@npm:^7.12.13":
  version: 7.13.10
  resolution: "@babel/highlight@npm:7.13.10"
  dependencies:
    "@babel/helper-validator-identifier": ^7.12.11
    chalk: ^2.0.0
    js-tokens: ^4.0.0
  checksum: 8f23d3b728422713bfab45bee1e7584f2a3d2e20c9c4d6153312b898c82e776bdc5b1b2afaf9433fddb21d70417f5b477c0bb1a48613324fd761117e19a5702b
  languageName: node
  linkType: hard

"acorn-jsx@npm:^5.2.0":
  version: 5.3.1
  resolution: "acorn-jsx@npm:5.3.1"
  peerDependencies:
    acorn: ^6.0.0 || ^7.0.0 || ^8.0.0
  checksum: 5925bc5d79a2821a8f7250b6de2b02bb86c0470dcb78cf68a603855291c5e50602b9eaf294aba2efbf3ee7063c80a9074b520b2330cc1aef80b849bfc7a041c0
  languageName: node
  linkType: hard

"acorn@npm:^7.1.1":
  version: 7.4.1
  resolution: "acorn@npm:7.4.1"
  bin:
    acorn: bin/acorn
  checksum: 2bde98c28c1be9a08e41e581179b776b43396c9486ce52b2b9848d73c53df38c516b7edba4bacdc84cabc9d7a3299f3b46ef240ae261c38dbf8ddd89f635bd32
  languageName: node
  linkType: hard

"ajv@npm:^6.10.0, ajv@npm:^6.10.2":
  version: 6.12.6
  resolution: "ajv@npm:6.12.6"
  dependencies:
    fast-deep-equal: ^3.1.1
    fast-json-stable-stringify: ^2.0.0
    json-schema-traverse: ^0.4.1
    uri-js: ^4.2.2
  checksum: 19a8f3b0a06001eb68e6268f4f9f04424b32baadd5df6ba8292cd473e22e5f4019ed9ab17c3e3510394178ed8bef9b42ad0bdb5c675d65f042421a774780ce1a
  languageName: node
  linkType: hard

"ansi-escapes@npm:^4.2.1":
  version: 4.3.1
  resolution: "ansi-escapes@npm:4.3.1"
  dependencies:
    type-fest: ^0.11.0
  checksum: bcb39e57bd32af0236c4ded96aaf8ef5d86c5a4683762b0be998c68cd11d5afd93296f4b5e087a3557da82a899b7c4d081483d603a4d4647e6a6613bf1aded8a
  languageName: node
  linkType: hard

"ansi-regex@npm:^4.1.0":
  version: 4.1.0
  resolution: "ansi-regex@npm:4.1.0"
  checksum: 53b6fe447cf92ee59739379de637af6f86b3b8a9537fbfe36a66f946f1d9d34afc3efe664ac31bcc7c3af042d43eabcfcfd3f790316d474bbc7b19a4b1d132dd
  languageName: node
  linkType: hard

"ansi-regex@npm:^5.0.0":
  version: 5.0.0
  resolution: "ansi-regex@npm:5.0.0"
  checksum: cbd9b5c9dbbb4a949c2a6e93f1c6cc19f0683d8a4724d08d2158627be6d373f0f3ba1f4ada01dce7ee141f2ba2628fbbd29932c7d49926e3b630c7f329f3178b
  languageName: node
  linkType: hard

"ansi-styles@npm:^3.2.0, ansi-styles@npm:^3.2.1":
  version: 3.2.1
  resolution: "ansi-styles@npm:3.2.1"
  dependencies:
    color-convert: ^1.9.0
  checksum: 456e1c23d9277512a47718da75e7fbb0a5ee215ef893c2f76d6b3efe8fceabc861121b80b0362146f5f995d21a1633f05a19bbf6283ae66ac11dc3b9c0bed779
  languageName: node
  linkType: hard

"ansi-styles@npm:^4.1.0":
  version: 4.3.0
  resolution: "ansi-styles@npm:4.3.0"
  dependencies:
    color-convert: ^2.0.1
  checksum: ea02c0179f3dd089a161f5fdd7ccd89dd84f31d82b68869f1134bf5c5b9e1313dadd2ff9edb02b44f46243f285ef5b785f6cb61c84a293694221417c42934407
  languageName: node
  linkType: hard

"argparse@npm:^1.0.7":
  version: 1.0.10
  resolution: "argparse@npm:1.0.10"
  dependencies:
    sprintf-js: ~1.0.2
  checksum: 435adaef5f6671c3ef1478a22be6fd54bdb99fdbbce8f5561b9cbbb05068ccce87b7df3b9f3322ff52a6ebb9cab2b427cbedac47a07611690a9beaa5184093e2
  languageName: node
  linkType: hard

"astral-regex@npm:^1.0.0":
  version: 1.0.0
  resolution: "astral-regex@npm:1.0.0"
  checksum: 08e37f599604eb3894af4ec5f9845caec7a45d10c1b57b04c4fc21cc669091803f8386efc52957ec3c7ae8c3af60b933018926aab156e5696a7aab393d6e0874
  languageName: node
  linkType: hard

"async@npm:^2.0.0":
  version: 2.6.3
  resolution: "async@npm:2.6.3"
  dependencies:
    lodash: ^4.17.14
  checksum: 5c30ec6f3d64308dd96d56dae16a00a23b9e6278fe8f66492837896d958508698648c59c53457d3fdf05fd04484e16538efeca2be38337cd78df0284e764ab34
  languageName: node
  linkType: hard

"balanced-match@npm:^1.0.0":
  version: 1.0.0
  resolution: "balanced-match@npm:1.0.0"
  checksum: f515a605fe1b59f476f7477c5e1d53ad55b4f42982fca1d57b6701906f4ad1f1ac90fd6587d92cc1af2edb43eecf979214dd847ee410a6de9db4ebf0dd128d62
  languageName: node
  linkType: hard

"brace-expansion@npm:^1.1.7":
  version: 1.1.11
  resolution: "brace-expansion@npm:1.1.11"
  dependencies:
    balanced-match: ^1.0.0
    concat-map: 0.0.1
  checksum: 4c878e25e4858baf801945dfd63eb68feab2e502cf1122f25f3915c0e3bf397af3a93ff6bef0798db41c0d81ef28c08e55daac38058710f749a3b96eee6b8f40
  languageName: node
  linkType: hard

"callsites@npm:^3.0.0":
  version: 3.1.0
  resolution: "callsites@npm:3.1.0"
  checksum: f726bf10d752901174cae348e69c2e58206404d5eebcea485b3fedbcf7fcffdb397e10919fdf6ee2c8adb4be52a64eea2365d52583611939bfecd109260451c9
  languageName: node
  linkType: hard

"chalk@npm:^2.0.0, chalk@npm:^2.1.0":
  version: 2.4.2
  resolution: "chalk@npm:2.4.2"
  dependencies:
    ansi-styles: ^3.2.1
    escape-string-regexp: ^1.0.5
    supports-color: ^5.3.0
  checksum: 22c7b7b5bc761c882bb6516454a1a671923f1c53ff972860065aa0b28a195f230163c1d46ee88bcc7a03e5539177d896457d8bc727de7f244c6e87032743038e
  languageName: node
  linkType: hard

"chalk@npm:^4.1.0":
  version: 4.1.0
  resolution: "chalk@npm:4.1.0"
  dependencies:
    ansi-styles: ^4.1.0
    supports-color: ^7.1.0
  checksum: f860285b419f9e925c2db0f45ffa88aa8794c14b80cc5d01ff30930bcfc384996606362706f0829cf557f6d36152a5fb2d227ad63c4bc90e2ec9e9dbed4a3c07
  languageName: node
  linkType: hard

"chardet@npm:^0.7.0":
  version: 0.7.0
  resolution: "chardet@npm:0.7.0"
  checksum: b71a4ee4648489291af86418b96247824a8c1ee4f4f95d6268967fb40e9fbf70500e72fb737d5186a23cf98c8a02b91d68cb2f426d7428e92883af9d31a037ec
  languageName: node
  linkType: hard

"child-workspace@^1.0.0, child-workspace@workspace:workspace-a/child-workspace":
  version: 0.0.0-use.local
  resolution: "child-workspace@workspace:workspace-a/child-workspace"
  dependencies:
    openssl: ^1.1.0
  languageName: unknown
  linkType: soft

"cli-cursor@npm:^3.1.0":
  version: 3.1.0
  resolution: "cli-cursor@npm:3.1.0"
  dependencies:
    restore-cursor: ^3.1.0
  checksum: 15dbfc222f27da8cbc61680e4948b189e811224271f6ee5be9db0dcbabe23ae3b2c5a5663be6f17ee51f6203ab44abddd4f4cffb20d69458fc845fa86976f96a
  languageName: node
  linkType: hard

"cli-width@npm:^3.0.0":
  version: 3.0.0
  resolution: "cli-width@npm:3.0.0"
  checksum: 6e5bc71774e202bfd3782d0be56eacee9462bfc7dc4a601dad10636163ab9c8abe625e760b0f28e590f9044bc23df3927ee3406f8c961fd2e4a51ef3f67fab2f
  languageName: node
  linkType: hard

"color-convert@npm:^1.9.0":
  version: 1.9.3
  resolution: "color-convert@npm:1.9.3"
  dependencies:
    color-name: 1.1.3
  checksum: 5f244daa3d1fe1f216d48878c550465067d15268688308554e613b7640a068f96588096d51f0b98b68f15d6ff6bb8ad24e172582ac8c0ad43fa4d3da60fd1b79
  languageName: node
  linkType: hard

"color-convert@npm:^2.0.1":
  version: 2.0.1
  resolution: "color-convert@npm:2.0.1"
  dependencies:
    color-name: ~1.1.4
  checksum: 3d5d8a011a43012ca11b6d739049ecf2055d95582fd16ec44bf1e685eb0baa5cc652002be8a1dc92b429c8d87418287d0528266a7595cb1ad8a7f4f1d3049df2
  languageName: node
  linkType: hard

"color-name@npm:1.1.3":
  version: 1.1.3
  resolution: "color-name@npm:1.1.3"
  checksum: d8b91bb90aefc05b6ff568cf8889566dcc6269824df6f3c9b8ca842b18d7f4d089c07dc166808d33f22092d4a79167aa56a96a5ff0d21efab548bf44614db43b
  languageName: node
  linkType: hard

"color-name@npm:~1.1.4":
  version: 1.1.4
  resolution: "color-name@npm:1.1.4"
  checksum: 3e1c9a4dee12eada307436f61614dd11fe300469db2b83f80c8b7a7cd8a1015f0f18dd13403f018927b249003777ff60baba4a03c65f12e6bddc0dfd9642021f
  languageName: node
  linkType: hard

"concat-map@npm:0.0.1":
  version: 0.0.1
  resolution: "concat-map@npm:0.0.1"
  checksum: 554e28d9ee5aa6e061795473ee092cb3d3a2cbdb76c35416e0bb6e03f136d7d07676da387b2ed0ec4106cedbb6534080d9abc48ecc4a92b76406cf2d0c3c0c4b
  languageName: node
  linkType: hard

"cross-spawn@npm:^6.0.5":
  version: 6.0.5
  resolution: "cross-spawn@npm:6.0.5"
  dependencies:
    nice-try: ^1.0.4
    path-key: ^2.0.1
    semver: ^5.5.0
    shebang-command: ^1.2.0
    which: ^1.2.9
  checksum: 05fbbf957d9b81dc05fd799a238f6aacc2e7cc9783fff3f0e00439a97d6f269c90482571cbf1eeea17200fd119161a2d1f88aa49a8110b176e04f2a70825284f
  languageName: node
  linkType: hard

"debug@npm:^4.0.1":
  version: 4.3.2
  resolution: "debug@npm:4.3.2"
  dependencies:
    ms: 2.1.2
  peerDependenciesMeta:
    supports-color:
      optional: true
  checksum: 5543570879e2274f6725d4285a034d6e0822d35faefc6f55965933fb440e8c21eb3a0bef934e66f4b6b491f898ee2de37cab980e9d4fd61372136c19d3ce4527
  languageName: node
  linkType: hard

"deep-is@npm:~0.1.3":
  version: 0.1.3
  resolution: "deep-is@npm:0.1.3"
  checksum: 3de58f86af4dec86c8be531a5abaf2e6d8ea98fa2f1d81a3a778d0d8df920ee282043a6ef05bfb4eb699c8551df9ac1b808d4dc71d54cc40ab1efa5ce8792943
  languageName: node
  linkType: hard

"doctrine@npm:^3.0.0":
  version: 3.0.0
  resolution: "doctrine@npm:3.0.0"
  dependencies:
    esutils: ^2.0.2
  checksum: 2eae469bd2889ceee9892083a67340b3622568fe5290edce620e5d5ddab23d644b2a780e9a7c68ad9c8a62716a70c5e484402ac93a398fa78b54b7505592aa7f
  languageName: node
  linkType: hard

"emoji-regex@npm:^7.0.1":
  version: 7.0.3
  resolution: "emoji-regex@npm:7.0.3"
  checksum: e3a504cf5242061d9b3c78a88ce787d6beee37a5d21287c6ccdddf1fe665d5ef3eddfdda663d0baf683df8e7d354210eeb1458a7d9afdf0d7a28d48cbb9975e1
  languageName: node
  linkType: hard

"emoji-regex@npm:^8.0.0":
  version: 8.0.0
  resolution: "emoji-regex@npm:8.0.0"
  checksum: 87cf3f89efb8ba028075b3dc1713e2c5609af94cbc129b1f00c3113d01dbe4bf85c9d971e75a98bf8a8508131727682ce929e4bd70e9022af4fd47d75e9507de
  languageName: node
  linkType: hard

"escape-string-regexp@npm:^1.0.5":
  version: 1.0.5
  resolution: "escape-string-regexp@npm:1.0.5"
  checksum: f9484b8b4c8827d816e0fd905c25ed4b561376a9c220e1430403ea84619bf680c76a883a48cff8b8e091daf55d6a497e37479f9787b9f15f3c421b6054289744
  languageName: node
  linkType: hard

"eslint-scope@npm:^5.0.0":
  version: 5.1.1
  resolution: "eslint-scope@npm:5.1.1"
  dependencies:
    esrecurse: ^4.3.0
    estraverse: ^4.1.1
  checksum: 79465cf5082f4216176f6d49c7d088de89ee890f912eb87b831f23ee9a5e17ed0f3f2ab6108fb8fefa0474ba5ebeaa9bdefbe49ba704bd879b73f2445e23ee10
  languageName: node
  linkType: hard

"eslint-utils@npm:^1.4.3":
  version: 1.4.3
  resolution: "eslint-utils@npm:1.4.3"
  dependencies:
    eslint-visitor-keys: ^1.1.0
  checksum: 4a7ede9e723a859a8805bd1ae73681c99323be0da90d37799796ec564cc6c3326d57ac80f91667737abc45383170a3a90653e13c00c7368b3af9be0cec662b4c
  languageName: node
  linkType: hard

"eslint-visitor-keys@npm:^1.1.0":
  version: 1.3.0
  resolution: "eslint-visitor-keys@npm:1.3.0"
  checksum: 58ab7a0107621d8a0fe19142a5e1306fd527c0f36b65d5c79033639e80278d8060264804f42c56f68e5541c4cc83d9175f9143083774cec8222f6cd5a695306e
  languageName: node
  linkType: hard

"eslint@npm:^6.8.0":
  version: 6.8.0
  resolution: "eslint@npm:6.8.0"
  dependencies:
    "@babel/code-frame": ^7.0.0
    ajv: ^6.10.0
    chalk: ^2.1.0
    cross-spawn: ^6.0.5
    debug: ^4.0.1
    doctrine: ^3.0.0
    eslint-scope: ^5.0.0
    eslint-utils: ^1.4.3
    eslint-visitor-keys: ^1.1.0
    espree: ^6.1.2
    esquery: ^1.0.1
    esutils: ^2.0.2
    file-entry-cache: ^5.0.1
    functional-red-black-tree: ^1.0.1
    glob-parent: ^5.0.0
    globals: ^12.1.0
    ignore: ^4.0.6
    import-fresh: ^3.0.0
    imurmurhash: ^0.1.4
    inquirer: ^7.0.0
    is-glob: ^4.0.0
    js-yaml: ^3.13.1
    json-stable-stringify-without-jsonify: ^1.0.1
    levn: ^0.3.0
    lodash: ^4.17.14
    minimatch: ^3.0.4
    mkdirp: ^0.5.1
    natural-compare: ^1.4.0
    optionator: ^0.8.3
    progress: ^2.0.0
    regexpp: ^2.0.1
    semver: ^6.1.2
    strip-ansi: ^5.2.0
    strip-json-comments: ^3.0.1
    table: ^5.2.3
    text-table: ^0.2.0
    v8-compile-cache: ^2.0.3
  bin:
    eslint: ./bin/eslint.js
  checksum: 796be0e038188d4cd8062541394d29f35606a7cee00cead5f6c8e3f9db932f0d19ee946df16fd593e0bcd614f896a416afa916bf82d9420576537ac349f2a06d
  languageName: node
  linkType: hard

"espree@npm:^6.1.2":
  version: 6.2.1
  resolution: "espree@npm:6.2.1"
  dependencies:
    acorn: ^7.1.1
    acorn-jsx: ^5.2.0
    eslint-visitor-keys: ^1.1.0
  checksum: 8651a6c1625436a5ff42b0927fb7c9cfa3f87697b9522251b87a343a26655e46d3ce6b03654ac53d4558b41070fef2cdcd1ec4a73cc633661ea40aa1cefdb5e5
  languageName: node
  linkType: hard

"esprima@npm:^4.0.0":
  version: 4.0.1
  resolution: "esprima@npm:4.0.1"
  bin:
    esparse: ./bin/esparse.js
    esvalidate: ./bin/esvalidate.js
  checksum: 5df45a3d9c95c36800d028ba76d8d4e04e199932b58c2939f462f859fd583e7d39b4a12d3f97986cf272a28a5fe5948ee6e49e36ef63f67b5b48d82a635c5081
  languageName: node
  linkType: hard

"esquery@npm:^1.0.1":
  version: 1.4.0
  resolution: "esquery@npm:1.4.0"
  dependencies:
    estraverse: ^5.1.0
  checksum: 3293ecc1507a8cec8d2da8a4707275c2ccf5413e7a3c771fe41c16cee603cacd193bb7383a6e219d1f7d2449156ef575ffd66c839073d4a8058f72856a15f622
  languageName: node
  linkType: hard

"esrecurse@npm:^4.3.0":
  version: 4.3.0
  resolution: "esrecurse@npm:4.3.0"
  dependencies:
    estraverse: ^5.2.0
  checksum: 2c96302dd5c4e6d07154d0ce6baee9e829ebf77e21c50c5ca4f24d6d0006fe4a4582364624a01f5667a3633b3e39bbce1a8191924f8419fb71584bb45bf7bb81
  languageName: node
  linkType: hard

"estraverse@npm:^4.1.1":
  version: 4.3.0
  resolution: "estraverse@npm:4.3.0"
  checksum: 1e4c627da9e9af07bf7b2817320f606841808fb2ec0cbd81097b30d5f90d8613288b3e523153babe04615d59b54ef876d98f0ca27488b6c0934dacd725a8d338
  languageName: node
  linkType: hard

"estraverse@npm:^5.1.0, estraverse@npm:^5.2.0":
  version: 5.2.0
  resolution: "estraverse@npm:5.2.0"
  checksum: 7dc1b027aebf937bab10c3254d9d73ed21672d7382518c9ddb9dc45560cb2f4e6548cc8ff1a07b7f431e94bd0fb0bf5da75b602e2473f966fea141c4c31b31d6
  languageName: node
  linkType: hard

"esutils@npm:^2.0.2":
  version: 2.0.3
  resolution: "esutils@npm:2.0.3"
  checksum: 590b04533177f8f6f0f352b3ac7da6c1c1e3d8375d8973972fba9c94558ca168685fd38319c3c6f4c37ba256df7494a7f15d8e761df1655af8a8f0027d988f8f
  languageName: node
  linkType: hard

"external-editor@npm:^3.0.3":
  version: 3.1.0
  resolution: "external-editor@npm:3.1.0"
  dependencies:
    chardet: ^0.7.0
    iconv-lite: ^0.4.24
    tmp: ^0.0.33
  checksum: 22163643f9938f4d46bab20ee0417cf1131aaf9ea4c546184d3668f689b8f7fc0d750b5a60857cb8ea09e4651b2c49fe30eb5a0903697e3c2d837da1e90d2d7c
  languageName: node
  linkType: hard

"fast-deep-equal@npm:^3.1.1":
  version: 3.1.3
  resolution: "fast-deep-equal@npm:3.1.3"
  checksum: 451526766b219503131d11e823eaadd1533080b0be4860e316670b039dcaf31cd1007c2fe036a9b922abba7c040dfad5e942ed79d21f2ff849e50049f36e0fb7
  languageName: node
  linkType: hard

"fast-json-stable-stringify@npm:^2.0.0":
  version: 2.1.0
  resolution: "fast-json-stable-stringify@npm:2.1.0"
  checksum: 7df3fabfe445d65953b2d9d9d3958bd895438b215a40fb87dae8b2165c5169a897785eb5d51e6cf0eb03523af756e3d82ea01083f6ac6341fe16db532fee3016
  languageName: node
  linkType: hard

"fast-levenshtein@npm:~2.0.6":
  version: 2.0.6
  resolution: "fast-levenshtein@npm:2.0.6"
  checksum: a2d03af3088b0397633e007fb3010ecfa4f91cae2116d2385653c59396a1b31467641afa672a79e6f82218518670dc144128378124e711e35dbf90bc82846f22
  languageName: node
  linkType: hard

"figures@npm:^3.0.0":
  version: 3.2.0
  resolution: "figures@npm:3.2.0"
  dependencies:
    escape-string-regexp: ^1.0.5
  checksum: 6c8acb1c17c4d27eeb6ff06801b5ae39a999c4794ec50eacf858a1e32746d92af77a9a907c3e1865e2e6ac7d9f1aa765f0f8a01a16a4676b79b6e90a7cc23f44
  languageName: node
  linkType: hard

"file-entry-cache@npm:^5.0.1":
  version: 5.0.1
  resolution: "file-entry-cache@npm:5.0.1"
  dependencies:
    flat-cache: ^2.0.1
  checksum: 7140588becf15f05ee956cfb359b5f23e0c73acbbd38ad14c7a76a0097342e6bfc0a8151cd2e481ea3cbb735190ba9a0df4b69055ebb5b0389c62339b1a2f86b
  languageName: node
  linkType: hard

"flat-cache@npm:^2.0.1":
  version: 2.0.1
  resolution: "flat-cache@npm:2.0.1"
  dependencies:
    flatted: ^2.0.0
    rimraf: 2.6.3
    write: 1.0.3
  checksum: a36ba407553064be4a571cdee4021a50290f6179a0827df1d076a2e33cd84e543d0274cb15dbeb551c2ae6d53e611e3c02564a93f0d527563d0f560be7a14b0d
  languageName: node
  linkType: hard

"flatted@npm:^2.0.0":
  version: 2.0.2
  resolution: "flatted@npm:2.0.2"
  checksum: a3e5fb71ad3c4f0661cd3899864812bcf3f64bdf6aa5f33f967c9c2a8a5f0c7219707e864c0602115fef40e093415f76a43e77afd0a86990904e2217ddb44eb4
  languageName: node
  linkType: hard

"fs.realpath@npm:^1.0.0":
  version: 1.0.0
  resolution: "fs.realpath@npm:1.0.0"
  checksum: 698a91b1695e3926185c9e5b0dd57cf687dceb4eb73799af91e6b2ab741735e2962c366c5af6403ffddae2619914193bd339efa706fdc984d0ffc74b7a3603f4
  languageName: node
  linkType: hard

"functional-red-black-tree@npm:^1.0.1":
  version: 1.0.1
  resolution: "functional-red-black-tree@npm:1.0.1"
  checksum: 477ecaf62d4f8d788876099b35ed4b97586b331e729d2d28d0df96b598863d21c18b8a45a6cbecb6c2bf7f5e5ef1e82a053570583ef9a0ff8336683ab42b8d14
  languageName: node
  linkType: hard

"glob-parent@npm:^5.0.0":
  version: 5.1.2
  resolution: "glob-parent@npm:5.1.2"
  dependencies:
    is-glob: ^4.0.1
  checksum: 82fcaa4ce102a0ae01370ed8fd5299ca32184af0418e1c1b613ed851240160558c0cc9712868eb9ca1924f687b07cd9c70c25f303f39f9f376d9a32f94f28e76
  languageName: node
  linkType: hard

"glob@npm:^7.1.3":
  version: 7.1.6
  resolution: "glob@npm:7.1.6"
  dependencies:
    fs.realpath: ^1.0.0
    inflight: ^1.0.4
    inherits: 2
    minimatch: ^3.0.4
    once: ^1.3.0
    path-is-absolute: ^1.0.0
  checksum: 789977b52432865bd63846da5c75a6efc2c56abdc0cb5ffcdb8e91eeb67a58fa5594c1195d18b2b4aff99675b0739ed6bd61024b26562e0cca18c8f993efdc82
  languageName: node
  linkType: hard

"globals@npm:^12.1.0":
  version: 12.4.0
  resolution: "globals@npm:12.4.0"
  dependencies:
    type-fest: ^0.8.1
  checksum: 0b9764bdeab0bc9762dea8954a0d4c5db029420bd8bf693df9098ce7e045ccaf9b2d259185396fd048b051d42fdc8dc7ab02af62e3dbeb2324a78a05aac8d33c
  languageName: node
  linkType: hard

"has-flag@npm:^3.0.0":
  version: 3.0.0
  resolution: "has-flag@npm:3.0.0"
  checksum: 63aade480d27aeedb3b5b63a2e069d47d0006bf182338d662e7941cdc024e68a28418e0efa8dc5df30db9c4ee2407f39e6ea3f16cfbc6b83848b450826a28aa0
  languageName: node
  linkType: hard

"has-flag@npm:^4.0.0":
  version: 4.0.0
  resolution: "has-flag@npm:4.0.0"
  checksum: 2e5391139d3d287231ccb58659702392f6e3abeac3296fb4721afaff46493f3d9b99a9329ae015dfe973aa206ed5c75f43e86aec0267dce79aa5c2b6e811b3ad
  languageName: node
  linkType: hard

"hier@workspace:.":
  version: 0.0.0-use.local
  resolution: "hier@workspace:."
  dependencies:
    workspace-a: ^1.0.0
  languageName: unknown
  linkType: soft

"iconv-lite@npm:^0.4.24":
  version: 0.4.24
  resolution: "iconv-lite@npm:0.4.24"
  dependencies:
    safer-buffer: ">= 2.1.2 < 3"
  checksum: a9b9521066ee81853a8561e92bd7240bc5d3b7d5ef7da807a475e7858b0246e318b6af518c30a20a8749ef5eafeaa9631079446e4e696c7b60f468b34dc2cbfc
  languageName: node
  linkType: hard

"ignore@npm:^4.0.6":
  version: 4.0.6
  resolution: "ignore@npm:4.0.6"
  checksum: 8f7b7f7c261d110604aed4340771933b0a42ffd2075e87bf8b4229ceb679659c5384c99e25c059f53a2b0e16cebaa4c49f7e837d1f374d1abf91fea46ccddd1a
  languageName: node
  linkType: hard

"import-fresh@npm:^3.0.0":
  version: 3.3.0
  resolution: "import-fresh@npm:3.3.0"
  dependencies:
    parent-module: ^1.0.0
    resolve-from: ^4.0.0
  checksum: 3ff624f00140850a2878eb7630d635daaad556cfa5a0e23191e9b65ab4fec8cc23f929f03bc9b3c4251b497a434f459bf3e7a8aa547a400ad140f431a1b0e4d6
  languageName: node
  linkType: hard

"imurmurhash@npm:^0.1.4":
  version: 0.1.4
  resolution: "imurmurhash@npm:0.1.4"
  checksum: 34d414d789286f6ef4d2b954c76c7df40dd7cabffef9b9959c8bd148677e98151f4fa5344aae2e3ad2b62308555ccbba3022e535a3e24288c9babb1308e35532
  languageName: node
  linkType: hard

"inflight@npm:^1.0.4":
  version: 1.0.6
  resolution: "inflight@npm:1.0.6"
  dependencies:
    once: ^1.3.0
    wrappy: 1
  checksum: 17c53fc42cbe7f7f471d2bc41b97a0cde4b79a74d5ff59997d3f75210566fa278e17596da526d43de2bd07e222706240ce50e60097e54f2cde2e64cbbb372638
  languageName: node
  linkType: hard

"inherits@npm:2":
  version: 2.0.4
  resolution: "inherits@npm:2.0.4"
  checksum: 98426da247ddfc3dcd7d7daedd90c3ca32d5b08deca08949726f12d49232aef94772a07b36cf4ff833e105ae2ef931777f6de4a6dd8245a216b9299ad4a50bea
  languageName: node
  linkType: hard

"inquirer@npm:^7.0.0":
  version: 7.3.3
  resolution: "inquirer@npm:7.3.3"
  dependencies:
    ansi-escapes: ^4.2.1
    chalk: ^4.1.0
    cli-cursor: ^3.1.0
    cli-width: ^3.0.0
    external-editor: ^3.0.3
    figures: ^3.0.0
    lodash: ^4.17.19
    mute-stream: 0.0.8
    run-async: ^2.4.0
    rxjs: ^6.6.0
    string-width: ^4.1.0
    strip-ansi: ^6.0.0
    through: ^2.3.6
  checksum: fa0cbd9594a04e04c5c10a806e9a86b23986acdc7d07c75afdbc03412ff03b1d201efa83d9d64929afe99a901a093bfc9ae7ab13560f8e557cb98eddbe5bf37d
  languageName: node
  linkType: hard

"is-extglob@npm:^2.1.1":
  version: 2.1.1
  resolution: "is-extglob@npm:2.1.1"
  checksum: ca623e2c56c893714a237aff645ec7caa8fea4d78868682af8d6803d7f0780323f8d566311e0dc6f942c886e81cbfa517597e48fcada7f3bf78a4d099eeecdd3
  languageName: node
  linkType: hard

"is-fullwidth-code-point@npm:^2.0.0":
  version: 2.0.0
  resolution: "is-fullwidth-code-point@npm:2.0.0"
  checksum: e1e5284f848ab6885665967cd768292a75022304d4401e78937a68f423047c29bfe87a43a9cdb67a3210fff7bcd5da51469122a0eff59b03261c379e58dbe921
  languageName: node
  linkType: hard

"is-fullwidth-code-point@npm:^3.0.0":
  version: 3.0.0
  resolution: "is-fullwidth-code-point@npm:3.0.0"
  checksum: a01a19ecac34386ae3a4e801c5639d6e31082d1ddc418e7cd96317fef3c8b24ec8531558e9d3d35b33551ab9c5cf20bf2cdefa583927b7ff60c27c8d7c216063
  languageName: node
  linkType: hard

"is-glob@npm:^4.0.0, is-glob@npm:^4.0.1":
  version: 4.0.1
  resolution: "is-glob@npm:4.0.1"
  dependencies:
    is-extglob: ^2.1.1
  checksum: 98cd4f715f0fb81da34aa6c8be4a5ef02d8cfac3ebc885153012abc2a0410df5a572f9d0393134fcba9192c7a845da96142c5f74a3c02787efe178ed798615e6
  languageName: node
  linkType: hard

"isexe@npm:^2.0.0":
  version: 2.0.0
  resolution: "isexe@npm:2.0.0"
  checksum: 7b437980bb77881a146fba85cfbdf01edc2b148673e9c2722a1e49661fea73adf524430a80fdbfb8ce9f60d43224e682c657c45030482bd39e0c488fc29b4afe
  languageName: node
  linkType: hard

"js-tokens@npm:^4.0.0":
  version: 4.0.0
  resolution: "js-tokens@npm:4.0.0"
  checksum: 1fc4e4667ac2d972aba65148b9cbf9c17566b2394d3504238d8492bbd3e68f496c657eab06b26b40b17db5cac0a34d153a12130e2d2d2bb6dc2cdc8a4764eb1b
  languageName: node
  linkType: hard

"js-yaml@npm:^3.13.1":
  version: 3.14.1
  resolution: "js-yaml@npm:3.14.1"
  dependencies:
    argparse: ^1.0.7
    esprima: ^4.0.0
  bin:
    js-yaml: bin/js-yaml.js
  checksum: 46b61f889796a20d16b0b64580a01b6a02b2e45c1a2744906346da54d07e14cde764e887ab6d1512d8b2541c63711bd4b75859c28eb99605baf59fa173fc38c2
  languageName: node
  linkType: hard

"json-schema-traverse@npm:^0.4.1":
  version: 0.4.1
  resolution: "json-schema-traverse@npm:0.4.1"
  checksum: 6f71bddba38aa043cf9c05ff9cf37158a6657909f1dd37032ba164b76923da47a17bb4592ee4f7f9c029dfaf26965b821ac214c1f991bb3bd038c9cfea2da50b
  languageName: node
  linkType: hard

"json-stable-stringify-without-jsonify@npm:^1.0.1":
  version: 1.0.1
  resolution: "json-stable-stringify-without-jsonify@npm:1.0.1"
  checksum: a01b6c65413b2d0dd6797004ace6166bb6f8a0a2a77c742966021c74233cebe48de3c33223f003a9e8e4a241bb882fe92141e538e7e1dad58afd32649444e269
  languageName: node
  linkType: hard

"levn@npm:^0.3.0, levn@npm:~0.3.0":
  version: 0.3.0
  resolution: "levn@npm:0.3.0"
  dependencies:
    prelude-ls: ~1.1.2
    type-check: ~0.3.2
  checksum: 775861da38dcb7e5f1de5bea2a1c7ffaede6e9e8632cfbac76be145ecb295370f46bb41307613c283d66f1fee5d8cc448ca3323c4a02d0fb1e913b2f78de2abb
  languageName: node
  linkType: hard

"lodash@npm:^4.17.14, lodash@npm:^4.17.19":
  version: 4.17.21
  resolution: "lodash@npm:4.17.21"
  checksum: 4983720b9abca930a4a46f18db163d7dad8dd00dbed6db0cc7b499b33b717cce69f80928b27bbb1ff2cbd3b19d251ee90669a8b5ea466072ca81c2ebe91e7468
  languageName: node
  linkType: hard

"mimic-fn@npm:^2.1.0":
  version: 2.1.0
  resolution: "mimic-fn@npm:2.1.0"
  checksum: f7d2d7febe3d7dd71da0700b1d455ec6c951a96b463ffcc303c93771b9fe4e45318152ea677c241505b19b39e41d906e5052cfb382d59a44bdb6d3d57f8b467b
  languageName: node
  linkType: hard

"minimatch@npm:^3.0.4":
  version: 3.0.4
  resolution: "minimatch@npm:3.0.4"
  dependencies:
    brace-expansion: ^1.1.7
  checksum: 47eab9263962cacd5733e274ecad2d8e54b0f8e124ba35ae69189e296058f634a4967b87a98954f86fa5c830ff177caf827ce0136d28717ed3232951fb4fae62
  languageName: node
  linkType: hard

"minimist@npm:^1.2.5":
  version: 1.2.5
  resolution: "minimist@npm:1.2.5"
  checksum: b77b8590147a4e217ff34266236bc39de23b52e6e33054076991ff674c7397a1380a7bde11111916f16f003a94aaa7e4f3d92595a32189644ff607fabc65a5b6
  languageName: node
  linkType: hard

"mkdirp@npm:^0.5.1":
  version: 0.5.5
  resolution: "mkdirp@npm:0.5.5"
  dependencies:
    minimist: ^1.2.5
  bin:
    mkdirp: bin/cmd.js
  checksum: 9dd9792e891927b14ca02226dbe1daeb717b9517a001620d5e2658bbc72c5e4f06887b6cbcbb60595fa5a56e701073cf250f1ed69c1988a6b89faf9fd6a4d049
  languageName: node
  linkType: hard

"mout@npm:^0.11.1":
  version: 0.11.1
  resolution: "mout@npm:0.11.1"
  checksum: 355d31054eb0089bfaa3e9f4195ba329a43e7d5b2ba0b240fa0e8f222a6c0996e148cd4b40865230c46759ba96142e06ade6cacef79b71782e8bdbd7fd983e5f
  languageName: node
  linkType: hard

"mout@npm:^1.0.0":
  version: 1.2.2
  resolution: "mout@npm:1.2.2"
  checksum: 7f5f944184bb030f51f265492416da7d15f8ab7c57941fe6d6f46f2f09cd65479be11241b467fa23e840b47cd8d151d05a58001784c6290f6adb990db8708d4f
  languageName: node
  linkType: hard

"ms@npm:2.1.2":
  version: 2.1.2
  resolution: "ms@npm:2.1.2"
  checksum: 9b65fb709bc30c0c07289dcbdb61ca032acbb9ea5698b55fa62e2cebb04c5953f1876a1f3f7f4bc2e91d4bf4d86003f3e207c3bc6ee2f716f99827e62389cd0e
  languageName: node
  linkType: hard

"mute-stream@npm:0.0.8":
  version: 0.0.8
  resolution: "mute-stream@npm:0.0.8"
  checksum: 315c40f463ec31deee54c5b8779207feb6b63dd4c58fe0f84ad46abdd6dac1ada578d53efde4a47b0ae4d29d453d35bb39ecdd98ee9ebf538929039a3a9945df
  languageName: node
  linkType: hard

"natural-compare@npm:^1.4.0":
  version: 1.4.0
  resolution: "natural-compare@npm:1.4.0"
  checksum: 2daf93d9bb516eddb06e2e80657a605af2e494d47c65d090ba43691aaffbc41f520840f1c9d3b7b641977af950217a4ab6ffb85bafcd5dfa8ba6fe4e68c43b53
  languageName: node
  linkType: hard

"nice-try@npm:^1.0.4":
  version: 1.0.5
  resolution: "nice-try@npm:1.0.5"
  checksum: 330f190bf68146a560008b661e1ddbb2eac667c16990b6bf791516d89cceb707ec67901ad647d2b32674bfa816b916489cead5c2fb6e96864c659573ab5aa3bb
  languageName: node
  linkType: hard

"nondep-workspace@workspace:nondep-workspace":
  version: 0.0.0-use.local
  resolution: "nondep-workspace@workspace:nondep-workspace"
  dependencies:
    eslint: ^6.8.0
  languageName: unknown
  linkType: soft

"nyks@npm:^2.9.0":
  version: 2.31.3
  resolution: "nyks@npm:2.31.3"
  dependencies:
    async: ^2.0.0
    mout: ^1.0.0
  checksum: 12c8934a224080e69417cd7815a19540e71067e05961dcd64a2cde613b9e29beb4285fb0ff6bc3ef51e1a6e1a7f541d9b9b3a7a932c8ff745711d3b25295f3c0
  languageName: node
  linkType: hard

"once@npm:^1.3.0":
  version: 1.4.0
  resolution: "once@npm:1.4.0"
  dependencies:
    wrappy: 1
  checksum: 57afc246536cf6494437f982b26475f22bee860f8b77ce8eb1543f42a8bffe04b2c66ddfea9a16cb25ccb80943f8ee4fc639367ef97b7a6a4f2672eb573963f5
  languageName: node
  linkType: hard

"onetime@npm:^5.1.0":
  version: 5.1.2
  resolution: "onetime@npm:5.1.2"
  dependencies:
    mimic-fn: ^2.1.0
  checksum: e425f6caeb20cf2598ffece94be5663932e34d074f1631b682b13d5f01cc1e0712a7dc711eff1706bb5a5aaab8a52e37bd5edcf560334e3222219d7e8b09c21c
  languageName: node
  linkType: hard

"openssl@npm:^1.1.0":
  version: 1.1.0
  resolution: "openssl@npm:1.1.0"
  dependencies:
    mout: ^0.11.1
    nyks: ^2.9.0
  checksum: 83db7c7aa0e37ef73e6279fc5e70975b958753abf7c82b2dc23a2c253ae4e4300f5a75fc04ef0137a6e96620bfc5be72532888cb21dfae5e459ef416f4232597
  languageName: node
  linkType: hard

"optionator@npm:^0.8.3":
  version: 0.8.3
  resolution: "optionator@npm:0.8.3"
  dependencies:
    deep-is: ~0.1.3
    fast-levenshtein: ~2.0.6
    levn: ~0.3.0
    prelude-ls: ~1.1.2
    type-check: ~0.3.2
    word-wrap: ~1.2.3
  checksum: a5cdced2c92d2bf2b2338b7e29b871eb97987424f7b50d5446853f709f53c855714465ee4bf1842fed2a175445d78cd44376a16666e38ef90ebf4670173d98b8
  languageName: node
  linkType: hard

"os-tmpdir@npm:~1.0.2":
  version: 1.0.2
  resolution: "os-tmpdir@npm:1.0.2"
  checksum: ca158a3c2e48748adc7736cdbe4c593723f8ed8581d2aae2f2a30fdb9417d4ba14bed1cd487d47561898a7b1ece88bce69745e9ce0303e1dea9ea7d22d1f1082
  languageName: node
  linkType: hard

"parent-module@npm:^1.0.0":
  version: 1.0.1
  resolution: "parent-module@npm:1.0.1"
  dependencies:
    callsites: ^3.0.0
  checksum: 58714b9699f8e84340aaf0781b7cbd82f1c357f6ce9c035c151d0e8c1e9b869c51b95b680882f0d21b4751e817a6c936d4bb2952a1a1d9d9fb27e5a84baec2aa
  languageName: node
  linkType: hard

"path-is-absolute@npm:^1.0.0":
  version: 1.0.1
  resolution: "path-is-absolute@npm:1.0.1"
  checksum: 907e1e3e6ac0aef6e65adffd75b3892191d76a5b94c5cf26b43667c4240531d11872ca6979c209b2e5e1609f7f579d02f64ba9936b48bb59d36cc529f0d965ed
  languageName: node
  linkType: hard

"path-key@npm:^2.0.1":
  version: 2.0.1
  resolution: "path-key@npm:2.0.1"
  checksum: 7dc807a2baa11d6bc0fca72148a0a0ca69ab73d98fbe42e10d22764d1ef547767f2b4ff827c6bc66e733388cd8d54297a45a39499825b9fdfd18959202384029
  languageName: node
  linkType: hard

"prelude-ls@npm:~1.1.2":
  version: 1.1.2
  resolution: "prelude-ls@npm:1.1.2"
  checksum: 189c969c92151b0de7a6e5d2ae0c4e50bbec5675cdd9fee3b7509d9d74b6416787ee36a8c12a07e8afb01454a8185b695b3395912484fa118e071fea45223b9b
  languageName: node
  linkType: hard

"progress@npm:^2.0.0":
  version: 2.0.3
  resolution: "progress@npm:2.0.3"
  checksum: c46ef5a1de4d527dfd32fe56a7df0c1c8b420a4c02617196813bf7f10ac7c2a929afc265d44fdd68f5c439a7e7cb3d70d569716c82d6b4148ec72089860a1312
  languageName: node
  linkType: hard

"punycode@npm:^2.1.0":
  version: 2.1.1
  resolution: "punycode@npm:2.1.1"
  checksum: 0202dc191cb35bfd88870ac99a1e824b03486d4cee20b543ef337a6dee8d8b11017da32a3e4c40b69b19976e982c030b62bd72bba42884acb691bc5ef91354c8
  languageName: node
  linkType: hard

"regexpp@npm:^2.0.1":
  version: 2.0.1
  resolution: "regexpp@npm:2.0.1"
  checksum: e537f6c1b59f31a8d6381c64408d7a852aa98794896702fdadef2fa8b049f7d876da30cd0c6f6a64488aa58ad3b225d606cc689059628056b5a593e5422c38d6
  languageName: node
  linkType: hard

"resolve-from@npm:^4.0.0":
  version: 4.0.0
  resolution: "resolve-from@npm:4.0.0"
  checksum: 87a4357c0c1c2d165012ec04a3b2aa58931c0c0be257890806760b627bad36c9bceb6f9b2a3726f8570c67f2c9ff3ecc9507fe65cc3ad8d45cdab015245c649f
  languageName: node
  linkType: hard

"restore-cursor@npm:^3.1.0":
  version: 3.1.0
  resolution: "restore-cursor@npm:3.1.0"
  dependencies:
    onetime: ^5.1.0
    signal-exit: ^3.0.2
  checksum: 38e0af0830336dbc7d36b8d02e9194489dc52aaf64f41d02c427303a78552019434ad87082d67ce171a569a8be898caf7c70d5e17bd347cf6f7bd38d332d0bd4
  languageName: node
  linkType: hard

"rimraf@npm:2.6.3":
  version: 2.6.3
  resolution: "rimraf@npm:2.6.3"
  dependencies:
    glob: ^7.1.3
  bin:
    rimraf: ./bin.js
  checksum: c9ce1854f19327606934558f4729b0f7aa7b9f1a3e7ca292d56261cce1074e20b0a0b16689166da6d8ab24ed9c30f7c71fba0df38e1d37f0233b6f48307c5c7a
  languageName: node
  linkType: hard

"run-async@npm:^2.4.0":
  version: 2.4.1
  resolution: "run-async@npm:2.4.1"
  checksum: b1f06da336029be9c08312309ccdda107558ebf3e1212e960d7a54020f888a449ade2cb8b432a9a6750537ed80119a3c798f7592e8f8518f193ff4c50c13d4a3
  languageName: node
  linkType: hard

"rxjs@npm:^6.6.0":
  version: 6.6.6
  resolution: "rxjs@npm:6.6.6"
  dependencies:
    tslib: ^1.9.0
  checksum: c97b410e791b3259439be48cd37119b63eedc3809a5895d884a7ac27a6934ae4ec246be3d76f1b2f3b47c72a96500ad30977545dc8b0f4a0f98c52f5f773a8ea
  languageName: node
  linkType: hard

"safer-buffer@npm:>= 2.1.2 < 3":
  version: 2.1.2
  resolution: "safer-buffer@npm:2.1.2"
  checksum: 549ba83f5b314b59898efe3422120ce1ca7987a6eae5925a5fa5db930dc414d4a9dde0a5594f89638cd6ea60b6840ea961872908933ac2428d1726489db46fa5
  languageName: node
  linkType: hard

"semver@npm:^5.5.0":
  version: 5.7.1
  resolution: "semver@npm:5.7.1"
  bin:
    semver: ./bin/semver
  checksum: 06ff0ed753ebf741b7602be8faad620d6e160a2cb3f61019d00d919c8bca141638aa23c34da779b8595afdc9faa3678bfbb5f60366b6a4f65f98cf86605bbcdb
  languageName: node
  linkType: hard

"semver@npm:^6.1.2":
  version: 6.3.0
  resolution: "semver@npm:6.3.0"
  bin:
    semver: ./bin/semver.js
  checksum: f0d155c06a67cc7e500c92d929339f1c6efd4ce9fe398aee6acc00a2333489cca0f5b4e76ee7292beba237fcca4b5a3d4a6153471f105f56299801bdab37289f
  languageName: node
  linkType: hard

"shebang-command@npm:^1.2.0":
  version: 1.2.0
  resolution: "shebang-command@npm:1.2.0"
  dependencies:
    shebang-regex: ^1.0.0
  checksum: 2a1e0092a6b80b14ec742ef4e982be8aa670edc7de3e8c68b26744fb535051f7d92518106387b52e9aabe0c1ceae33d23a7dfdb94c3d7f5035c3868b723a2854
  languageName: node
  linkType: hard

"shebang-regex@npm:^1.0.0":
  version: 1.0.0
  resolution: "shebang-regex@npm:1.0.0"
  checksum: cf1a41cb09023e7d39739d7145fcba57c3fabc6728b78ce706f7315cf52dfadf30f7eea664e069224fbcbbfb6ab853bc55ac45f494b47ee73fc209c98487fae5
  languageName: node
  linkType: hard

"signal-exit@npm:^3.0.2":
  version: 3.0.3
  resolution: "signal-exit@npm:3.0.3"
  checksum: f8f3fec95c8d1f9ad7e3cce07e1195f84e7a85cdcb4e825e8a2b76aa5406a039083d2bc9662b3cf40e6948262f41277047d20e6fbd58c77edced0b18fab647d8
  languageName: node
  linkType: hard

"slice-ansi@npm:^2.1.0":
  version: 2.1.0
  resolution: "slice-ansi@npm:2.1.0"
  dependencies:
    ansi-styles: ^3.2.0
    astral-regex: ^1.0.0
    is-fullwidth-code-point: ^2.0.0
  checksum: 7578393cac91c28f8cb5fa5df36b826ad62c9e66313d2547770db8401570fa8f4aa20cd84ef9244fa054d8e9cc6bfc02578784bb89b238d384b99f2728a35a6d
  languageName: node
  linkType: hard

"sprintf-js@npm:~1.0.2":
  version: 1.0.3
  resolution: "sprintf-js@npm:1.0.3"
  checksum: 51df1bce9e577287f56822d79ac5bd94f6c634fccf193895f2a1d2db2e975b6aa7bc97afae9cf11d49b7c37fe4afc188ff5c4878be91f2c86eabd11c5df8b62c
  languageName: node
  linkType: hard

"string-width@npm:^3.0.0":
  version: 3.1.0
  resolution: "string-width@npm:3.1.0"
  dependencies:
    emoji-regex: ^7.0.1
    is-fullwidth-code-point: ^2.0.0
    strip-ansi: ^5.1.0
  checksum: 54c5d1842dc122d8e0251ad50e00e91c06368f1aca44f41a67cd5ce013c4ba8f5a26f1b7f72a3e1644f38c62092a82c86b646aff514073894faf84b9564a38a0
  languageName: node
  linkType: hard

"string-width@npm:^4.1.0":
  version: 4.2.2
  resolution: "string-width@npm:4.2.2"
  dependencies:
    emoji-regex: ^8.0.0
    is-fullwidth-code-point: ^3.0.0
    strip-ansi: ^6.0.0
  checksum: d42484f5fdc50b4a573be784a06bc971e124d3fdc08779848a58d632bc88b349a33af54d1f0e1904dbd5dcbbe50651e4b39938799ebb1011a730421af1381892
  languageName: node
  linkType: hard

"strip-ansi@npm:^5.1.0, strip-ansi@npm:^5.2.0":
  version: 5.2.0
  resolution: "strip-ansi@npm:5.2.0"
  dependencies:
    ansi-regex: ^4.1.0
  checksum: 44a0d0d354f5f7b15f83323879a9112ea746daae7bef0b68238a27626ee757d9a04ce6590433841e14b325e8e7c5d62b8442885e50497e21b7cbca6da40d54ea
  languageName: node
  linkType: hard

"strip-ansi@npm:^6.0.0":
  version: 6.0.0
  resolution: "strip-ansi@npm:6.0.0"
  dependencies:
    ansi-regex: ^5.0.0
  checksum: 10568c91cadbef182a807c38dfa718dce15a35b12fcc97b96b6b2029d0508ef66ca93fabddeb49482d9b027495d1e18591858e80f27ad26861c4967c60fd207f
  languageName: node
  linkType: hard

"strip-json-comments@npm:^3.0.1":
  version: 3.1.1
  resolution: "strip-json-comments@npm:3.1.1"
  checksum: f16719ce25abc58a55ef82b1c27f541dcfa5d544f17158f62d10be21ff9bd22fde45a53c592b29d80ad3c97ccb67b7451c4833913fdaeadb508a40f5e0a9c206
  languageName: node
  linkType: hard

"supports-color@npm:^5.3.0":
  version: 5.5.0
  resolution: "supports-color@npm:5.5.0"
  dependencies:
    has-flag: ^3.0.0
  checksum: edacee6425498440744c418be94b0660181aad2a1828bcf2be85c42bd385da2fd8b2b358d9b62b0c5b03ff5cd3e992458d7b8f879d9fb42f2201fe05a4848a29
  languageName: node
  linkType: hard

"supports-color@npm:^7.1.0":
  version: 7.2.0
  resolution: "supports-color@npm:7.2.0"
  dependencies:
    has-flag: ^4.0.0
  checksum: 8e57067c39216f3c2ffce7cc14ca934d54746192571203aa9c9922d97d2d55cc1bdaa9e41a11f91e620670b5a74ebdec6b548a885d8cc2dea7cab59e21416029
  languageName: node
  linkType: hard

"table@npm:^5.2.3":
  version: 5.4.6
  resolution: "table@npm:5.4.6"
  dependencies:
    ajv: ^6.10.2
    lodash: ^4.17.14
    slice-ansi: ^2.1.0
    string-width: ^3.0.0
  checksum: 38877a196c0a57b955e4965fa3ff1cede38649b6e1f6286aa5435579dfd01663fdf8d19c87510e67a79474d75ae0144a0819f2054d654c45d7f525270aafe56b
  languageName: node
  linkType: hard

"text-table@npm:^0.2.0":
  version: 0.2.0
  resolution: "text-table@npm:0.2.0"
  checksum: 373904ce70524ba11ec7e1905c44fb92671132d5e0b0aba2fb48057161f8bf9cbf7f6178f0adf31810150cf44fb52c7b912dc722bff3fddf9688378596dbeb56
  languageName: node
  linkType: hard

"through@npm:^2.3.6":
  version: 2.3.8
  resolution: "through@npm:2.3.8"
  checksum: 918d9151680b5355990011eb8c4b02e8cb8cf6e9fb6ea3d3e5a1faa688343789e261634ae35de4ea9167ab029d1e7bac6af2fe61b843931768d405fdc3e8897c
  languageName: node
  linkType: hard

"tmp@npm:^0.0.33":
  version: 0.0.33
  resolution: "tmp@npm:0.0.33"
  dependencies:
    os-tmpdir: ~1.0.2
  checksum: 77666ca424a78fcfcc27a6576f24f01aa1300b10d22e4f1808809e560777672dd2d4a112604ab2ad86ec7cafd24472b9ccc41373c2b5b83797f27e6aff06cbe5
  languageName: node
  linkType: hard

"tslib@npm:^1.9.0":
  version: 1.14.1
  resolution: "tslib@npm:1.14.1"
  checksum: f44fe7f216946b17d3e3074df3746372703cf24e9127b4c045511456e8e4bf25515fb0a1bb3937676cc305651c5d4fcb6377b0588a4c6a957e748c4c28905d17
  languageName: node
  linkType: hard

"type-check@npm:~0.3.2":
  version: 0.3.2
  resolution: "type-check@npm:0.3.2"
  dependencies:
    prelude-ls: ~1.1.2
  checksum: 4e080645319c12bb78119f7e8bb333cab8dacad2c1988597aabf44da985ad36fce3419707e93ed0fc84514b7eec94e4d8817e33d0aab8c81de394916e00d6806
  languageName: node
  linkType: hard

"type-fest@npm:^0.11.0":
  version: 0.11.0
  resolution: "type-fest@npm:0.11.0"
  checksum: 02e5cadf13590a5724cacf8d9133320efd173f6fb1b695fcb29e56551a315bf0f07ca988a780a1999b7b55bb3eaaa7f37223615207236d393af17bba6749dc95
  languageName: node
  linkType: hard

"type-fest@npm:^0.8.1":
  version: 0.8.1
  resolution: "type-fest@npm:0.8.1"
  checksum: f8c4b4249f52e8bea7a4fc55b3653c96c2d547240e4c772e001d02b7cc38b8c3eb493ab9fbe985a76a203cd1aa7044776b728a71ba12bf36e7131f989597885b
  languageName: node
  linkType: hard

"uri-js@npm:^4.2.2":
  version: 4.4.1
  resolution: "uri-js@npm:4.4.1"
  dependencies:
    punycode: ^2.1.0
  checksum: 7d8ae8e2d7b82480d7d337f3e53c9a89ffdc7ebb1c31f212da3df6349f2fd1e6a4361f5fb27369ecab33fa37aa85edc53aec6eb7c9a7c3207a9e0944e8c48802
  languageName: node
  linkType: hard

"v8-compile-cache@npm:^2.0.3":
  version: 2.3.0
  resolution: "v8-compile-cache@npm:2.3.0"
  checksum: b56f83d9ff14187562badc4955dadeef53ff3abde478ce60759539dd8d5472a91fce9db6083fc2450e54cef6f2110c1a28d8c12162dbf575a6cfcb846986904b
  languageName: node
  linkType: hard

"which@npm:^1.2.9":
  version: 1.3.1
  resolution: "which@npm:1.3.1"
  dependencies:
    isexe: ^2.0.0
  bin:
    which: ./bin/which
  checksum: 298d95f9c185c4da22c1bfb1fdfa37c2ba56df8a6b98706ab361bf31a7d3a4845afaecfc48d4de7a259048842b5f2977f51b56f5c06c1f6a83dcf5a9e3de634a
  languageName: node
  linkType: hard

"word-wrap@npm:~1.2.3":
  version: 1.2.3
  resolution: "word-wrap@npm:1.2.3"
  checksum: 6526abd75d4409c76d1989cf2fbf6080b903db29824be3d17d0a0b8f6221486c76a021174eda2616cf311199787983c34bae3c5e7b51d2ad7476f2066cddb75a
  languageName: node
  linkType: hard

"workspace-a@^1.0.0, workspace-a@workspace:workspace-a":
  version: 0.0.0-use.local
  resolution: "workspace-a@workspace:workspace-a"
  dependencies:
    child-workspace: ^1.0.0
  languageName: unknown
  linkType: soft

"wrappy@npm:1":
  version: 1.0.2
  resolution: "wrappy@npm:1.0.2"
  checksum: 519fcda0fcdf0c16327be2de9d98646742307bc830277e8868529fcf7566f2b330a6453c233e0cdcb767d5838dd61a90984a02ecc983bcddebea5ad0833bbf98
  languageName: node
  linkType: hard

"write@npm:1.0.3":
  version: 1.0.3
  resolution: "write@npm:1.0.3"
  dependencies:
    mkdirp: ^0.5.1
  checksum: e8f8fddefea3eaaf4c8bacf072161f82d5e05c5fb8f003e1bae52673b94b88a4954d97688c7403a20301d2f6e9f61363b1affe74286b499b39bc0c42f17a56cb
  languageName: node
  linkType: hard
