{
  "pins": [
    {
      "identity": "swift-argument-parser",
      "kind": "remoteSourceControl",
      "location": "https://github.com/apple/swift-argument-parser.git",
      "state": {
        "branch": null,
        "revision": "d2930e8fcf9c33162b9fcc1d522bc975e2d4179b",
        "version": "1.0.1"
      }
    },
    {
      "identity": "Auth0",
      "kind": "remoteSourceControl",
      "location": "http://github.com/auth0/Auth0.swift.git",
      "state": {
        "branch": null,
        "revision": "8e8a6b0337a27a3342beb72b5407141fdd4a7860",
        "version": "1.35.0"
      }
    },
    {
      "identity": "R.swift.Library",
      "kind": "remoteSourceControl",
      "location": "http://github.com/mac-cain13/R.swift.Library",
      "state": {
        "branch": null,
        "revision": "8998cfe77f4fce79ee6dfab0c88a7d551659d8fb",
        "version": "5.4.0"
      }
    },
    {
      "identity": "BadUrl",
      "kind": "remoteSourceControl",
      "location": "invalid/url",
      "state": {
        "branch": null,
        "revision": "something123",
        "version": "1.2.3"
      }
    }
  ],
  "version": 2
}