
Microsoft Visual Studio Solution File, Format Version 12.00
# Visual Studio Version 16
VisualStudioVersion = 16.0.29920.165
MinimumVisualStudioVersion = 10.0.40219.1
Project("{9A19103F-16F7-4668-BE54-9A1E7A4F7556}") = "NugetDotnet5Inspector", "NugetDotnet5Inspector\NugetDotnet5Inspector.csproj", "{AEDCF063-2341-465D-B256-39125610E39B}"
EndProject
Project("{FAE04EC0-301F-11D3-BF4B-00C04F79EFBC}") = "NugetDotnet5InspectorTests", "NugetDotnet5InspectorTests\NugetDotnet5InspectorTests.csproj", "{9E299F9B-1A35-4E13-B679-32E106942B8E}"
	ProjectSection(ProjectDependencies) = postProject
		{AEDCF063-2341-465D-B256-39125610E39B} = {AEDCF063-2341-465D-B256-39125610E39B}
	EndProjectSection
EndProject
Global
	GlobalSection(SolutionConfigurationPlatforms) = preSolution
		Debug|Any CPU = Debug|Any CPU
		Release|Any CPU = Release|Any CPU
	EndGlobalSection
	GlobalSection(ProjectConfigurationPlatforms) = postSolution
		{AEDCF063-2341-465D-B256-39125610E39B}.Debug|Any CPU.ActiveCfg = Debug|Any CPU
		{AEDCF063-2341-465D-B256-39125610E39B}.Debug|Any CPU.Build.0 = Debug|Any CPU
		{AEDCF063-2341-465D-B256-39125610E39B}.Release|Any CPU.ActiveCfg = Release|Any CPU
		{AEDCF063-2341-465D-B256-39125610E39B}.Release|Any CPU.Build.0 = Release|Any CPU
		{9E299F9B-1A35-4E13-B679-32E106942B8E}.Debug|Any CPU.ActiveCfg = Debug|Any CPU
		{9E299F9B-1A35-4E13-B679-32E106942B8E}.Debug|Any CPU.Build.0 = Debug|Any CPU
		{9E299F9B-1A35-4E13-B679-32E106942B8E}.Release|Any CPU.ActiveCfg = Release|Any CPU
		{9E299F9B-1A35-4E13-B679-32E106942B8E}.Release|Any CPU.Build.0 = Release|Any CPU
	EndGlobalSection
	GlobalSection(SolutionProperties) = preSolution
		HideSolutionNode = FALSE
	EndGlobalSection
	GlobalSection(ExtensibilityGlobals) = postSolution
		SolutionGuid = {03F9A9FE-CEC0-4241-B906-091143373C97}
	EndGlobalSection
EndGlobal
