# Generated by pub
# See https://dart.dev/tools/pub/glossary#lockfile
packages:
  async:
    dependency: transitive
    description:
      name: async
    source: hosted
    version: "2.6.1"
  boolean_selector:
    dependency: transitive
    description:
      name: boolean_selector
      url: "https://pub.dartlang.org"
    version: "2.1.0"
  characters:
    description:
      name: characters
    version: "1.1.0"